
Microsoft Visual Studio Solution File, Format Version 12.00
# Visual Studio Version 17
VisualStudioVersion = 17.9.34728.123
MinimumVisualStudioVersion = 10.0.40219.1
Project("{FAE04EC0-301F-11D3-BF4B-00C04F79EFBC}") = "283. Move Zeroes", "283. Move Zeroes\283. Move Zeroes.csproj", "{01850A99-F5BC-4970-B4FB-7799C61F1E95}"
EndProject
Global
	GlobalSection(SolutionConfigurationPlatforms) = preSolution
		Debug|Any CPU = Debug|Any CPU
		Release|Any CPU = Release|Any CPU
	EndGlobalSection
	GlobalSection(ProjectConfigurationPlatforms) = postSolution
		{01850A99-F5BC-4970-B4FB-7799C61F1E95}.Debug|Any CPU.ActiveCfg = Debug|Any CPU
		{01850A99-F5BC-4970-B4FB-7799C61F1E95}.Debug|Any CPU.Build.0 = Debug|Any CPU
		{01850A99-F5BC-4970-B4FB-7799C61F1E95}.Release|Any CPU.ActiveCfg = Release|Any CPU
		{01850A99-F5BC-4970-B4FB-7799C61F1E95}.Release|Any CPU.Build.0 = Release|Any CPU
	EndGlobalSection
	GlobalSection(SolutionProperties) = preSolution
		HideSolutionNode = FALSE
	EndGlobalSection
	GlobalSection(ExtensibilityGlobals) = postSolution
		SolutionGuid = {DB2C305A-3A85-4F54-9997-F5B1D26E61E3}
	EndGlobalSection
EndGlobal
