Microsoft Visual Studio Solution File, Format Version 12.00
# Visual Studio Version 17
VisualStudioVersion = 17.13.35818.85
MinimumVisualStudioVersion = 10.0.40219.1
Project("{FAE04EC0-301F-11D3-BF4B-00C04F79EFBC}") = "3. Longest Substring Without Repeating Characters.", "3. Longest Substring Without Repeating Characters..csproj", "{186C3824-38B7-4FFA-8A65-1F81F3A8EBB2}"
EndProject
Global
	GlobalSection(SolutionConfigurationPlatforms) = preSolution
		Debug|Any CPU = Debug|Any CPU
		Release|Any CPU = Release|Any CPU
	EndGlobalSection
	GlobalSection(ProjectConfigurationPlatforms) = postSolution
		{186C3824-38B7-4FFA-8A65-1F81F3A8EBB2}.Debug|Any CPU.ActiveCfg = Debug|Any CPU
		{186C3824-38B7-4FFA-8A65-1F81F3A8EBB2}.Debug|Any CPU.Build.0 = Debug|Any CPU
		{186C3824-38B7-4FFA-8A65-1F81F3A8EBB2}.Release|Any CPU.ActiveCfg = Release|Any CPU
		{186C3824-38B7-4FFA-8A65-1F81F3A8EBB2}.Release|Any CPU.Build.0 = Release|Any CPU
	EndGlobalSection
	GlobalSection(SolutionProperties) = preSolution
		HideSolutionNode = FALSE
	EndGlobalSection
	GlobalSection(ExtensibilityGlobals) = postSolution
		SolutionGuid = {CF7A90D6-B573-4C5A-946A-0611B0798ADF}
	EndGlobalSection
EndGlobal
